// !$*UTF8*$!
{
	archiveVersion = 1;
	classes = {
	};
	objectVersion = 50;
	objects = {

/* Begin PBXBuildFile section */
		50E8B43C23316C6B00EA5A50 /* AppDelegate.swift in Sources */ = {isa = PBXBuildFile; fileRef = 50E8B43B23316C6B00EA5A50 /* AppDelegate.swift */; };
		50E8B43E23316C6B00EA5A50 /* ViewController.swift in Sources */ = {isa = PBXBuildFile; fileRef = 50E8B43D23316C6B00EA5A50 /* ViewController.swift */; };
		50E8B44123316C6B00EA5A50 /* Main.storyboard in Resources */ = {isa = PBXBuildFile; fileRef = 50E8B43F23316C6B00EA5A50 /* Main.storyboard */; };
		50E8B44323316C6C00EA5A50 /* Assets.xcassets in Resources */ = {isa = PBXBuildFile; fileRef = 50E8B44223316C6C00EA5A50 /* Assets.xcassets */; };
		50E8B44623316C6C00EA5A50 /* LaunchScreen.storyboard in Resources */ = {isa = PBXBuildFile; fileRef = 50E8B44423316C6C00EA5A50 /* LaunchScreen.storyboard */; };
		50E8B45123316C6D00EA5A50 /* PocVentusTests.swift in Sources */ = {isa = PBXBuildFile; fileRef = 50E8B45023316C6D00EA5A50 /* PocVentusTests.swift */; };
		50E8B45C23316C6D00EA5A50 /* PocVentusUITests.swift in Sources */ = {isa = PBXBuildFile; fileRef = 50E8B45B23316C6D00EA5A50 /* PocVentusUITests.swift */; };
/* End PBXBuildFile section */

/* Begin PBXContainerItemProxy section */
		50E8B44D23316C6D00EA5A50 /* PBXContainerItemProxy */ = {
			isa = PBXContainerItemProxy;
			containerPortal = 50E8B43023316C6B00EA5A50 /* Project object */;
			proxyType = 1;
			remoteGlobalIDString = 50E8B43723316C6B00EA5A50;
			remoteInfo = PocVentus;
		};
		50E8B45823316C6D00EA5A50 /* PBXContainerItemProxy */ = {
			isa = PBXContainerItemProxy;
			containerPortal = 50E8B43023316C6B00EA5A50 /* Project object */;
			proxyType = 1;
			remoteGlobalIDString = 50E8B43723316C6B00EA5A50;
			remoteInfo = PocVentus;
		};
/* End PBXContainerItemProxy section */

/* Begin PBXFileReference section */
		50E8B43823316C6B00EA5A50 /* PocVentus.app */ = {isa = PBXFileReference; explicitFileType = wrapper.application; includeInIndex = 0; path = PocVentus.app; sourceTree = BUILT_PRODUCTS_DIR; };
		50E8B43B23316C6B00EA5A50 /* AppDelegate.swift */ = {isa = PBXFileReference; lastKnownFileType = sourcecode.swift; path = AppDelegate.swift; sourceTree = "<group>"; };
		50E8B43D23316C6B00EA5A50 /* ViewController.swift */ = {isa = PBXFileReference; lastKnownFileType = sourcecode.swift; path = ViewController.swift; sourceTree = "<group>"; };
		50E8B44023316C6B00EA5A50 /* Base */ = {isa = PBXFileReference; lastKnownFileType = file.storyboard; name = Base; path = Base.lproj/Main.storyboard; sourceTree = "<group>"; };
		50E8B44223316C6C00EA5A50 /* Assets.xcassets */ = {isa = PBXFileReference; lastKnownFileType = folder.assetcatalog; path = Assets.xcassets; sourceTree = "<group>"; };
		50E8B44523316C6C00EA5A50 /* Base */ = {isa = PBXFileReference; lastKnownFileType = file.storyboard; name = Base; path = Base.lproj/LaunchScreen.storyboard; sourceTree = "<group>"; };
		50E8B44723316C6C00EA5A50 /* Info.plist */ = {isa = PBXFileReference; lastKnownFileType = text.plist.xml; path = Info.plist; sourceTree = "<group>"; };
		50E8B44C23316C6D00EA5A50 /* PocVentusTests.xctest */ = {isa = PBXFileReference; explicitFileType = wrapper.cfbundle; includeInIndex = 0; path = PocVentusTests.xctest; sourceTree = BUILT_PRODUCTS_DIR; };
		50E8B45023316C6D00EA5A50 /* PocVentusTests.swift */ = {isa = PBXFileReference; lastKnownFileType = sourcecode.swift; path = PocVentusTests.swift; sourceTree = "<group>"; };
		50E8B45223316C6D00EA5A50 /* Info.plist */ = {isa = PBXFileReference; lastKnownFileType = text.plist.xml; path = Info.plist; sourceTree = "<group>"; };
		50E8B45723316C6D00EA5A50 /* PocVentusUITests.xctest */ = {isa = PBXFileReference; explicitFileType = wrapper.cfbundle; includeInIndex = 0; path = PocVentusUITests.xctest; sourceTree = BUILT_PRODUCTS_DIR; };
		50E8B45B23316C6D00EA5A50 /* PocVentusUITests.swift */ = {isa = PBXFileReference; lastKnownFileType = sourcecode.swift; path = PocVentusUITests.swift; sourceTree = "<group>"; };
		50E8B45D23316C6D00EA5A50 /* Info.plist */ = {isa = PBXFileReference; lastKnownFileType = text.plist.xml; path = Info.plist; sourceTree = "<group>"; };
/* End PBXFileReference section */

/* Begin PBXFrameworksBuildPhase section */
		50E8B43523316C6B00EA5A50 /* Frameworks */ = {
			isa = PBXFrameworksBuildPhase;
			buildActionMask = 2147483647;
			files = (
			);
			runOnlyForDeploymentPostprocessing = 0;
		};
		50E8B44923316C6D00EA5A50 /* Frameworks */ = {
			isa = PBXFrameworksBuildPhase;
			buildActionMask = 2147483647;
			files = (
			);
			runOnlyForDeploymentPostprocessing = 0;
		};
		50E8B45423316C6D00EA5A50 /* Frameworks */ = {
			isa = PBXFrameworksBuildPhase;
			buildActionMask = 2147483647;
			files = (
			);
			runOnlyForDeploymentPostprocessing = 0;
		};
/* End PBXFrameworksBuildPhase section */

/* Begin PBXGroup section */
		50E8B42F23316C6B00EA5A50 = {
			isa = PBXGroup;
			children = (
				50E8B43A23316C6B00EA5A50 /* PocVentus */,
				50E8B44F23316C6D00EA5A50 /* PocVentusTests */,
				50E8B45A23316C6D00EA5A50 /* PocVentusUITests */,
				50E8B43923316C6B00EA5A50 /* Products */,
			);
			sourceTree = "<group>";
		};
		50E8B43923316C6B00EA5A50 /* Products */ = {
			isa = PBXGroup;
			children = (
				50E8B43823316C6B00EA5A50 /* PocVentus.app */,
				50E8B44C23316C6D00EA5A50 /* PocVentusTests.xctest */,
				50E8B45723316C6D00EA5A50 /* PocVentusUITests.xctest */,
			);
			name = Products;
			sourceTree = "<group>";
		};
		50E8B43A23316C6B00EA5A50 /* PocVentus */ = {
			isa = PBXGroup;
			children = (
				50E8B43B23316C6B00EA5A50 /* AppDelegate.swift */,
				50E8B43D23316C6B00EA5A50 /* ViewController.swift */,
				50E8B43F23316C6B00EA5A50 /* Main.storyboard */,
				50E8B44223316C6C00EA5A50 /* Assets.xcassets */,
				50E8B44423316C6C00EA5A50 /* LaunchScreen.storyboard */,
				50E8B44723316C6C00EA5A50 /* Info.plist */,
			);
			path = PocVentus;
			sourceTree = "<group>";
		};
		50E8B44F23316C6D00EA5A50 /* PocVentusTests */ = {
			isa = PBXGroup;
			children = (
				50E8B45023316C6D00EA5A50 /* PocVentusTests.swift */,
				50E8B45223316C6D00EA5A50 /* Info.plist */,
			);
			path = PocVentusTests;
			sourceTree = "<group>";
		};
		50E8B45A23316C6D00EA5A50 /* PocVentusUITests */ = {
			isa = PBXGroup;
			children = (
				50E8B45B23316C6D00EA5A50 /* PocVentusUITests.swift */,
				50E8B45D23316C6D00EA5A50 /* Info.plist */,
			);
			path = PocVentusUITests;
			sourceTree = "<group>";
		};
/* End PBXGroup section */

/* Begin PBXNativeTarget section */
		50E8B43723316C6B00EA5A50 /* PocVentus */ = {
			isa = PBXNativeTarget;
			buildConfigurationList = 50E8B46023316C6D00EA5A50 /* Build configuration list for PBXNativeTarget "PocVentus" */;
			buildPhases = (
				50E8B43423316C6B00EA5A50 /* Sources */,
				50E8B43523316C6B00EA5A50 /* Frameworks */,
				50E8B43623316C6B00EA5A50 /* Resources */,
			);
			buildRules = (
			);
			dependencies = (
			);
			name = PocVentus;
			productName = PocVentus;
			productReference = 50E8B43823316C6B00EA5A50 /* PocVentus.app */;
			productType = "com.apple.product-type.application";
		};
		50E8B44B23316C6D00EA5A50 /* PocVentusTests */ = {
			isa = PBXNativeTarget;
			buildConfigurationList = 50E8B46323316C6D00EA5A50 /* Build configuration list for PBXNativeTarget "PocVentusTests" */;
			buildPhases = (
				50E8B44823316C6D00EA5A50 /* Sources */,
				50E8B44923316C6D00EA5A50 /* Frameworks */,
				50E8B44A23316C6D00EA5A50 /* Resources */,
			);
			buildRules = (
			);
			dependencies = (
				50E8B44E23316C6D00EA5A50 /* PBXTargetDependency */,
			);
			name = PocVentusTests;
			productName = PocVentusTests;
			productReference = 50E8B44C23316C6D00EA5A50 /* PocVentusTests.xctest */;
			productType = "com.apple.product-type.bundle.unit-test";
		};
		50E8B45623316C6D00EA5A50 /* PocVentusUITests */ = {
			isa = PBXNativeTarget;
			buildConfigurationList = 50E8B46623316C6D00EA5A50 /* Build configuration list for PBXNativeTarget "PocVentusUITests" */;
			buildPhases = (
				50E8B45323316C6D00EA5A50 /* Sources */,
				50E8B45423316C6D00EA5A50 /* Frameworks */,
				50E8B45523316C6D00EA5A50 /* Resources */,
			);
			buildRules = (
			);
			dependencies = (
				50E8B45923316C6D00EA5A50 /* PBXTargetDependency */,
			);
			name = PocVentusUITests;
			productName = PocVentusUITests;
			productReference = 50E8B45723316C6D00EA5A50 /* PocVentusUITests.xctest */;
			productType = "com.apple.product-type.bundle.ui-testing";
		};
/* End PBXNativeTarget section */

/* Begin PBXProject section */
		50E8B43023316C6B00EA5A50 /* Project object */ = {
			isa = PBXProject;
			attributes = {
				LastSwiftUpdateCheck = 1030;
				LastUpgradeCheck = 1030;
				ORGANIZATIONNAME = "Julio Garavelli";
				TargetAttributes = {
					50E8B43723316C6B00EA5A50 = {
						CreatedOnToolsVersion = 10.3;
					};
					50E8B44B23316C6D00EA5A50 = {
						CreatedOnToolsVersion = 10.3;
						TestTargetID = 50E8B43723316C6B00EA5A50;
					};
					50E8B45623316C6D00EA5A50 = {
						CreatedOnToolsVersion = 10.3;
						TestTargetID = 50E8B43723316C6B00EA5A50;
					};
				};
			};
			buildConfigurationList = 50E8B43323316C6B00EA5A50 /* Build configuration list for PBXProject "PocVentus" */;
			compatibilityVersion = "Xcode 9.3";
			developmentRegion = en;
			hasScannedForEncodings = 0;
			knownRegions = (
				en,
				Base,
			);
			mainGroup = 50E8B42F23316C6B00EA5A50;
			productRefGroup = 50E8B43923316C6B00EA5A50 /* Products */;
			projectDirPath = "";
			projectRoot = "";
			targets = (
				50E8B43723316C6B00EA5A50 /* PocVentus */,
				50E8B44B23316C6D00EA5A50 /* PocVentusTests */,
				50E8B45623316C6D00EA5A50 /* PocVentusUITests */,
			);
		};
/* End PBXProject section */

/* Begin PBXResourcesBuildPhase section */
		50E8B43623316C6B00EA5A50 /* Resources */ = {
			isa = PBXResourcesBuildPhase;
			buildActionMask = 2147483647;
			files = (
				50E8B44623316C6C00EA5A50 /* LaunchScreen.storyboard in Resources */,
				50E8B44323316C6C00EA5A50 /* Assets.xcassets in Resources */,
				50E8B44123316C6B00EA5A50 /* Main.storyboard in Resources */,
			);
			runOnlyForDeploymentPostprocessing = 0;
		};
		50E8B44A23316C6D00EA5A50 /* Resources */ = {
			isa = PBXResourcesBuildPhase;
			buildActionMask = 2147483647;
			files = (
			);
			runOnlyForDeploymentPostprocessing = 0;
		};
		50E8B45523316C6D00EA5A50 /* Resources */ = {
			isa = PBXResourcesBuildPhase;
			buildActionMask = 2147483647;
			files = (
			);
			runOnlyForDeploymentPostprocessing = 0;
		};
/* End PBXResourcesBuildPhase section */

/* Begin PBXSourcesBuildPhase section */
		50E8B43423316C6B00EA5A50 /* Sources */ = {
			isa = PBXSourcesBuildPhase;
			buildActionMask = 2147483647;
			files = (
				50E8B43E23316C6B00EA5A50 /* ViewController.swift in Sources */,
				50E8B43C23316C6B00EA5A50 /* AppDelegate.swift in Sources */,
			);
			runOnlyForDeploymentPostprocessing = 0;
		};
		50E8B44823316C6D00EA5A50 /* Sources */ = {
			isa = PBXSourcesBuildPhase;
			buildActionMask = 2147483647;
			files = (
				50E8B45123316C6D00EA5A50 /* PocVentusTests.swift in Sources */,
			);
			runOnlyForDeploymentPostprocessing = 0;
		};
		50E8B45323316C6D00EA5A50 /* Sources */ = {
			isa = PBXSourcesBuildPhase;
			buildActionMask = 2147483647;
			files = (
				50E8B45C23316C6D00EA5A50 /* PocVentusUITests.swift in Sources */,
			);
			runOnlyForDeploymentPostprocessing = 0;
		};
/* End PBXSourcesBuildPhase section */

/* Begin PBXTargetDependency section */
		50E8B44E23316C6D00EA5A50 /* PBXTargetDependency */ = {
			isa = PBXTargetDependency;
			target = 50E8B43723316C6B00EA5A50 /* PocVentus */;
			targetProxy = 50E8B44D23316C6D00EA5A50 /* PBXContainerItemProxy */;
		};
		50E8B45923316C6D00EA5A50 /* PBXTargetDependency */ = {
			isa = PBXTargetDependency;
			target = 50E8B43723316C6B00EA5A50 /* PocVentus */;
			targetProxy = 50E8B45823316C6D00EA5A50 /* PBXContainerItemProxy */;
		};
/* End PBXTargetDependency section */

/* Begin PBXVariantGroup section */
		50E8B43F23316C6B00EA5A50 /* Main.storyboard */ = {
			isa = PBXVariantGroup;
			children = (
				50E8B44023316C6B00EA5A50 /* Base */,
			);
			name = Main.storyboard;
			sourceTree = "<group>";
		};
		50E8B44423316C6C00EA5A50 /* LaunchScreen.storyboard */ = {
			isa = PBXVariantGroup;
			children = (
				50E8B44523316C6C00EA5A50 /* Base */,
			);
			name = LaunchScreen.storyboard;
			sourceTree = "<group>";
		};
/* End PBXVariantGroup section */

/* Begin XCBuildConfiguration section */
		50E8B45E23316C6D00EA5A50 /* Debug */ = {
			isa = XCBuildConfiguration;
			buildSettings = {
				ALWAYS_SEARCH_USER_PATHS = NO;
				CLANG_ANALYZER_NONNULL = YES;
				CLANG_ANALYZER_NUMBER_OBJECT_CONVERSION = YES_AGGRESSIVE;
				CLANG_CXX_LANGUAGE_STANDARD = "gnu++14";
				CLANG_CXX_LIBRARY = "libc++";
				CLANG_ENABLE_MODULES = YES;
				CLANG_ENABLE_OBJC_ARC = YES;
				CLANG_ENABLE_OBJC_WEAK = YES;
				CLANG_WARN_BLOCK_CAPTURE_AUTORELEASING = YES;
				CLANG_WARN_BOOL_CONVERSION = YES;
				CLANG_WARN_COMMA = YES;
				CLANG_WARN_CONSTANT_CONVERSION = YES;
				CLANG_WARN_DEPRECATED_OBJC_IMPLEMENTATIONS = YES;
				CLANG_WARN_DIRECT_OBJC_ISA_USAGE = YES_ERROR;
				CLANG_WARN_DOCUMENTATION_COMMENTS = YES;
				CLANG_WARN_EMPTY_BODY = YES;
				CLANG_WARN_ENUM_CONVERSION = YES;
				CLANG_WARN_INFINITE_RECURSION = YES;
				CLANG_WARN_INT_CONVERSION = YES;
				CLANG_WARN_NON_LITERAL_NULL_CONVERSION = YES;
				CLANG_WARN_OBJC_IMPLICIT_RETAIN_SELF = YES;
				CLANG_WARN_OBJC_LITERAL_CONVERSION = YES;
				CLANG_WARN_OBJC_ROOT_CLASS = YES_ERROR;
				CLANG_WARN_RANGE_LOOP_ANALYSIS = YES;
				CLANG_WARN_STRICT_PROTOTYPES = YES;
				CLANG_WARN_SUSPICIOUS_MOVE = YES;
				CLANG_WARN_UNGUARDED_AVAILABILITY = YES_AGGRESSIVE;
				CLANG_WARN_UNREACHABLE_CODE = YES;
				CLANG_WARN__DUPLICATE_METHOD_MATCH = YES;
				CODE_SIGN_IDENTITY = "iPhone Developer";
				COPY_PHASE_STRIP = NO;
				DEBUG_INFORMATION_FORMAT = dwarf;
				ENABLE_STRICT_OBJC_MSGSEND = YES;
				ENABLE_TESTABILITY = YES;
				GCC_C_LANGUAGE_STANDARD = gnu11;
				GCC_DYNAMIC_NO_PIC = NO;
				GCC_NO_COMMON_BLOCKS = YES;
				GCC_OPTIMIZATION_LEVEL = 0;
				GCC_PREPROCESSOR_DEFINITIONS = (
					"DEBUG=1",
					"$(inherited)",
				);
				GCC_WARN_64_TO_32_BIT_CONVERSION = YES;
				GCC_WARN_ABOUT_RETURN_TYPE = YES_ERROR;
				GCC_WARN_UNDECLARED_SELECTOR = YES;
				GCC_WARN_UNINITIALIZED_AUTOS = YES_AGGRESSIVE;
				GCC_WARN_UNUSED_FUNCTION = YES;
				GCC_WARN_UNUSED_VARIABLE = YES;
				IPHONEOS_DEPLOYMENT_TARGET = 12.4;
				MTL_ENABLE_DEBUG_INFO = INCLUDE_SOURCE;
				MTL_FAST_MATH = YES;
				ONLY_ACTIVE_ARCH = YES;
				SDKROOT = iphoneos;
				SWIFT_ACTIVE_COMPILATION_CONDITIONS = DEBUG;
				SWIFT_OPTIMIZATION_LEVEL = "-Onone";
			};
			name = Debug;
		};
		50E8B45F23316C6D00EA5A50 /* Release */ = {
			isa = XCBuildConfiguration;
			buildSettings = {
				ALWAYS_SEARCH_USER_PATHS = NO;
				CLANG_ANALYZER_NONNULL = YES;
				CLANG_ANALYZER_NUMBER_OBJECT_CONVERSION = YES_AGGRESSIVE;
				CLANG_CXX_LANGUAGE_STANDARD = "gnu++14";
				CLANG_CXX_LIBRARY = "libc++";
				CLANG_ENABLE_MODULES = YES;
				CLANG_ENABLE_OBJC_ARC = YES;
				CLANG_ENABLE_OBJC_WEAK = YES;
				CLANG_WARN_BLOCK_CAPTURE_AUTORELEASING = YES;
				CLANG_WARN_BOOL_CONVERSION = YES;
				CLANG_WARN_COMMA = YES;
				CLANG_WARN_CONSTANT_CONVERSION = YES;
				CLANG_WARN_DEPRECATED_OBJC_IMPLEMENTATIONS = YES;
				CLANG_WARN_DIRECT_OBJC_ISA_USAGE = YES_ERROR;
				CLANG_WARN_DOCUMENTATION_COMMENTS = YES;
				CLANG_WARN_EMPTY_BODY = YES;
				CLANG_WARN_ENUM_CONVERSION = YES;
				CLANG_WARN_INFINITE_RECURSION = YES;
				CLANG_WARN_INT_CONVERSION = YES;
				CLANG_WARN_NON_LITERAL_NULL_CONVERSION = YES;
				CLANG_WARN_OBJC_IMPLICIT_RETAIN_SELF = YES;
				CLANG_WARN_OBJC_LITERAL_CONVERSION = YES;
				CLANG_WARN_OBJC_ROOT_CLASS = YES_ERROR;
				CLANG_WARN_RANGE_LOOP_ANALYSIS = YES;
				CLANG_WARN_STRICT_PROTOTYPES = YES;
				CLANG_WARN_SUSPICIOUS_MOVE = YES;
				CLANG_WARN_UNGUARDED_AVAILABILITY = YES_AGGRESSIVE;
				CLANG_WARN_UNREACHABLE_CODE = YES;
				CLANG_WARN__DUPLICATE_METHOD_MATCH = YES;
				CODE_SIGN_IDENTITY = "iPhone Developer";
				COPY_PHASE_STRIP = NO;
				DEBUG_INFORMATION_FORMAT = "dwarf-with-dsym";
				ENABLE_NS_ASSERTIONS = NO;
				ENABLE_STRICT_OBJC_MSGSEND = YES;
				GCC_C_LANGUAGE_STANDARD = gnu11;
				GCC_NO_COMMON_BLOCKS = YES;
				GCC_WARN_64_TO_32_BIT_CONVERSION = YES;
				GCC_WARN_ABOUT_RETURN_TYPE = YES_ERROR;
				GCC_WARN_UNDECLARED_SELECTOR = YES;
				GCC_WARN_UNINITIALIZED_AUTOS = YES_AGGRESSIVE;
				GCC_WARN_UNUSED_FUNCTION = YES;
				GCC_WARN_UNUSED_VARIABLE = YES;
				IPHONEOS_DEPLOYMENT_TARGET = 12.4;
				MTL_ENABLE_DEBUG_INFO = NO;
				MTL_FAST_MATH = YES;
				SDKROOT = iphoneos;
				SWIFT_COMPILATION_MODE = wholemodule;
				SWIFT_OPTIMIZATION_LEVEL = "-O";
				VALIDATE_PRODUCT = YES;
			};
			name = Release;
		};
		50E8B46123316C6D00EA5A50 /* Debug */ = {
			isa = XCBuildConfiguration;
			buildSettings = {
				ASSETCATALOG_COMPILER_APPICON_NAME = AppIcon;
				CODE_SIGN_STYLE = Automatic;
				DEVELOPMENT_TEAM = BL642YVUNB;
				INFOPLIST_FILE = PocVentus/Info.plist;
				LD_RUNPATH_SEARCH_PATHS = (
					"$(inherited)",
					"@executable_path/Frameworks",
				);
				PRODUCT_BUNDLE_IDENTIFIER = com.jcgaravelli.PocVentus;
				PRODUCT_NAME = "$(TARGET_NAME)";
				SWIFT_VERSION = 5.0;
				TARGETED_DEVICE_FAMILY = "1,2";
			};
			name = Debug;
		};
		50E8B46223316C6D00EA5A50 /* Release */ = {
			isa = XCBuildConfiguration;
			buildSettings = {
				ASSETCATALOG_COMPILER_APPICON_NAME = AppIcon;
				CODE_SIGN_STYLE = Automatic;
				DEVELOPMENT_TEAM = BL642YVUNB;
				INFOPLIST_FILE = PocVentus/Info.plist;
				LD_RUNPATH_SEARCH_PATHS = (
					"$(inherited)",
					"@executable_path/Frameworks",
				);
				PRODUCT_BUNDLE_IDENTIFIER = com.jcgaravelli.PocVentus;
				PRODUCT_NAME = "$(TARGET_NAME)";
				SWIFT_VERSION = 5.0;
				TARGETED_DEVICE_FAMILY = "1,2";
			};
			name = Release;
		};
		50E8B46423316C6D00EA5A50 /* Debug */ = {
			isa = XCBuildConfiguration;
			buildSettings = {
				ALWAYS_EMBED_SWIFT_STANDARD_LIBRARIES = YES;
				BUNDLE_LOADER = "$(TEST_HOST)";
				CODE_SIGN_STYLE = Automatic;
				DEVELOPMENT_TEAM = BL642YVUNB;
				INFOPLIST_FILE = PocVentusTests/Info.plist;
				LD_RUNPATH_SEARCH_PATHS = (
					"$(inherited)",
					"@executable_path/Frameworks",
					"@loader_path/Frameworks",
				);
				PRODUCT_BUNDLE_IDENTIFIER = com.jcgaravelli.PocVentusTests;
				PRODUCT_NAME = "$(TARGET_NAME)";
				SWIFT_VERSION = 5.0;
				TARGETED_DEVICE_FAMILY = "1,2";
				TEST_HOST = "$(BUILT_PRODUCTS_DIR)/PocVentus.app/PocVentus";
			};
			name = Debug;
		};
		50E8B46523316C6D00EA5A50 /* Release */ = {
			isa = XCBuildConfiguration;
			buildSettings = {
				ALWAYS_EMBED_SWIFT_STANDARD_LIBRARIES = YES;
				BUNDLE_LOADER = "$(TEST_HOST)";
				CODE_SIGN_STYLE = Automatic;
				DEVELOPMENT_TEAM = BL642YVUNB;
				INFOPLIST_FILE = PocVentusTests/Info.plist;
				LD_RUNPATH_SEARCH_PATHS = (
					"$(inherited)",
					"@executable_path/Frameworks",
					"@loader_path/Frameworks",
				);
				PRODUCT_BUNDLE_IDENTIFIER = com.jcgaravelli.PocVentusTests;
				PRODUCT_NAME = "$(TARGET_NAME)";
				SWIFT_VERSION = 5.0;
				TARGETED_DEVICE_FAMILY = "1,2";
				TEST_HOST = "$(BUILT_PRODUCTS_DIR)/PocVentus.app/PocVentus";
			};
			name = Release;
		};
		50E8B46723316C6D00EA5A50 /* Debug */ = {
			isa = XCBuildConfiguration;
			buildSettings = {
				ALWAYS_EMBED_SWIFT_STANDARD_LIBRARIES = YES;
				CODE_SIGN_STYLE = Automatic;
				DEVELOPMENT_TEAM = BL642YVUNB;
				INFOPLIST_FILE = PocVentusUITests/Info.plist;
				LD_RUNPATH_SEARCH_PATHS = (
					"$(inherited)",
					"@executable_path/Frameworks",
					"@loader_path/Frameworks",
				);
				PRODUCT_BUNDLE_IDENTIFIER = com.jcgaravelli.PocVentusUITests;
				PRODUCT_NAME = "$(TARGET_NAME)";
				SWIFT_VERSION = 5.0;
				TARGETED_DEVICE_FAMILY = "1,2";
				TEST_TARGET_NAME = PocVentus;
			};
			name = Debug;
		};
		50E8B46823316C6D00EA5A50 /* Release */ = {
			isa = XCBuildConfiguration;
			buildSettings = {
				ALWAYS_EMBED_SWIFT_STANDARD_LIBRARIES = YES;
				CODE_SIGN_STYLE = Automatic;
				DEVELOPMENT_TEAM = BL642YVUNB;
				INFOPLIST_FILE = PocVentusUITests/Info.plist;
				LD_RUNPATH_SEARCH_PATHS = (
					"$(inherited)",
					"@executable_path/Frameworks",
					"@loader_path/Frameworks",
				);
				PRODUCT_BUNDLE_IDENTIFIER = com.jcgaravelli.PocVentusUITests;
				PRODUCT_NAME = "$(TARGET_NAME)";
				SWIFT_VERSION = 5.0;
				TARGETED_DEVICE_FAMILY = "1,2";
				TEST_TARGET_NAME = PocVentus;
			};
			name = Release;
		};
/* End XCBuildConfiguration section */

/* Begin XCConfigurationList section */
		50E8B43323316C6B00EA5A50 /* Build configuration list for PBXProject "PocVentus" */ = {
			isa = XCConfigurationList;
			buildConfigurations = (
				50E8B45E23316C6D00EA5A50 /* Debug */,
				50E8B45F23316C6D00EA5A50 /* Release */,
			);
			defaultConfigurationIsVisible = 0;
			defaultConfigurationName = Release;
		};
		50E8B46023316C6D00EA5A50 /* Build configuration list for PBXNativeTarget "PocVentus" */ = {
			isa = XCConfigurationList;
			buildConfigurations = (
				50E8B46123316C6D00EA5A50 /* Debug */,
				50E8B46223316C6D00EA5A50 /* Release */,
			);
			defaultConfigurationIsVisible = 0;
			defaultConfigurationName = Release;
		};
		50E8B46323316C6D00EA5A50 /* Build configuration list for PBXNativeTarget "PocVentusTests" */ = {
			isa = XCConfigurationList;
			buildConfigurations = (
				50E8B46423316C6D00EA5A50 /* Debug */,
				50E8B46523316C6D00EA5A50 /* Release */,
			);
			defaultConfigurationIsVisible = 0;
			defaultConfigurationName = Release;
		};
		50E8B46623316C6D00EA5A50 /* Build configuration list for PBXNativeTarget "PocVentusUITests" */ = {
			isa = XCConfigurationList;
			buildConfigurations = (
				50E8B46723316C6D00EA5A50 /* Debug */,
				50E8B46823316C6D00EA5A50 /* Release */,
			);
			defaultConfigurationIsVisible = 0;
			defaultConfigurationName = Release;
		};
/* End XCConfigurationList section */
	};
	rootObject = 50E8B43023316C6B00EA5A50 /* Project object */;
}
